// !$*UTF8*$!
{
	archiveVersion = 1;
	classes = {
	};
	objectVersion = 50;
	objects = {

/* Begin PBXBuildFile section */
		BD6D73CE24AA6DD800277BB2 /* singleTask.swift in Sources */ = {isa = PBXBuildFile; fileRef = BD6D73CD24AA6DD800277BB2 /* singleTask.swift */; };
		BD6D73D024AA6E3E00277BB2 /* FolderChangeViewController.swift in Sources */ = {isa = PBXBuildFile; fileRef = BD6D73CF24AA6E3E00277BB2 /* FolderChangeViewController.swift */; };
		BD6D73D624AA819800277BB2 /* TaskTableViewController.swift in Sources */ = {isa = PBXBuildFile; fileRef = BD6D73D524AA819800277BB2 /* TaskTableViewController.swift */; };
		BD6D73D824AA822700277BB2 /* TaskHandlingViewController.swift in Sources */ = {isa = PBXBuildFile; fileRef = BD6D73D724AA822700277BB2 /* TaskHandlingViewController.swift */; };
		BDA32BAA24AAB5A20000D838 /* Extension+TableView.swift in Sources */ = {isa = PBXBuildFile; fileRef = BDA32BA924AAB5A20000D838 /* Extension+TableView.swift */; };
		BDE5648124A9AF24002BDF4B /* AppDelegate.swift in Sources */ = {isa = PBXBuildFile; fileRef = BDE5648024A9AF24002BDF4B /* AppDelegate.swift */; };
		BDE5648324A9AF24002BDF4B /* SceneDelegate.swift in Sources */ = {isa = PBXBuildFile; fileRef = BDE5648224A9AF24002BDF4B /* SceneDelegate.swift */; };
		BDE5648524A9AF24002BDF4B /* ViewController.swift in Sources */ = {isa = PBXBuildFile; fileRef = BDE5648424A9AF24002BDF4B /* ViewController.swift */; };
		BDE5648824A9AF24002BDF4B /* Main.storyboard in Resources */ = {isa = PBXBuildFile; fileRef = BDE5648624A9AF24002BDF4B /* Main.storyboard */; };
		BDE5648B24A9AF24002BDF4B /* TaskData.xcdatamodeld in Sources */ = {isa = PBXBuildFile; fileRef = BDE5648924A9AF24002BDF4B /* TaskData.xcdatamodeld */; };
		BDE5648D24A9AF2D002BDF4B /* Assets.xcassets in Resources */ = {isa = PBXBuildFile; fileRef = BDE5648C24A9AF2D002BDF4B /* Assets.xcassets */; };
		BDE5649024A9AF2D002BDF4B /* LaunchScreen.storyboard in Resources */ = {isa = PBXBuildFile; fileRef = BDE5648E24A9AF2D002BDF4B /* LaunchScreen.storyboard */; };
/* End PBXBuildFile section */

/* Begin PBXFileReference section */
		BD6D73CD24AA6DD800277BB2 /* singleTask.swift */ = {isa = PBXFileReference; lastKnownFileType = sourcecode.swift; path = singleTask.swift; sourceTree = "<group>"; };
		BD6D73CF24AA6E3E00277BB2 /* FolderChangeViewController.swift */ = {isa = PBXFileReference; lastKnownFileType = sourcecode.swift; path = FolderChangeViewController.swift; sourceTree = "<group>"; };
		BD6D73D524AA819800277BB2 /* TaskTableViewController.swift */ = {isa = PBXFileReference; lastKnownFileType = sourcecode.swift; path = TaskTableViewController.swift; sourceTree = "<group>"; };
		BD6D73D724AA822700277BB2 /* TaskHandlingViewController.swift */ = {isa = PBXFileReference; lastKnownFileType = sourcecode.swift; path = TaskHandlingViewController.swift; sourceTree = "<group>"; };
		BDA32BA924AAB5A20000D838 /* Extension+TableView.swift */ = {isa = PBXFileReference; lastKnownFileType = sourcecode.swift; path = "Extension+TableView.swift"; sourceTree = "<group>"; };
		BDE5647D24A9AF24002BDF4B /* todo_Raghav_C0780996.app */ = {isa = PBXFileReference; explicitFileType = wrapper.application; includeInIndex = 0; path = todo_Raghav_C0780996.app; sourceTree = BUILT_PRODUCTS_DIR; };
		BDE5648024A9AF24002BDF4B /* AppDelegate.swift */ = {isa = PBXFileReference; lastKnownFileType = sourcecode.swift; path = AppDelegate.swift; sourceTree = "<group>"; };
		BDE5648224A9AF24002BDF4B /* SceneDelegate.swift */ = {isa = PBXFileReference; lastKnownFileType = sourcecode.swift; path = SceneDelegate.swift; sourceTree = "<group>"; };
		BDE5648424A9AF24002BDF4B /* ViewController.swift */ = {isa = PBXFileReference; lastKnownFileType = sourcecode.swift; path = ViewController.swift; sourceTree = "<group>"; };
		BDE5648724A9AF24002BDF4B /* Base */ = {isa = PBXFileReference; lastKnownFileType = file.storyboard; name = Base; path = Base.lproj/Main.storyboard; sourceTree = "<group>"; };
		BDE5648A24A9AF24002BDF4B /* todo_Raghav_C0780996.xcdatamodel */ = {isa = PBXFileReference; lastKnownFileType = wrapper.xcdatamodel; path = todo_Raghav_C0780996.xcdatamodel; sourceTree = "<group>"; };
		BDE5648C24A9AF2D002BDF4B /* Assets.xcassets */ = {isa = PBXFileReference; lastKnownFileType = folder.assetcatalog; path = Assets.xcassets; sourceTree = "<group>"; };
		BDE5648F24A9AF2D002BDF4B /* Base */ = {isa = PBXFileReference; lastKnownFileType = file.storyboard; name = Base; path = Base.lproj/LaunchScreen.storyboard; sourceTree = "<group>"; };
		BDE5649124A9AF2D002BDF4B /* Info.plist */ = {isa = PBXFileReference; lastKnownFileType = text.plist.xml; path = Info.plist; sourceTree = "<group>"; };
/* End PBXFileReference section */

/* Begin PBXFrameworksBuildPhase section */
		BDE5647A24A9AF24002BDF4B /* Frameworks */ = {
			isa = PBXFrameworksBuildPhase;
			buildActionMask = 2147483647;
			files = (
			);
			runOnlyForDeploymentPostprocessing = 0;
		};
/* End PBXFrameworksBuildPhase section */

/* Begin PBXGroup section */
		BD6D73D124AA6E8500277BB2 /* Storyboards */ = {
			isa = PBXGroup;
			children = (
				BDE5648624A9AF24002BDF4B /* Main.storyboard */,
				BDE5648E24A9AF2D002BDF4B /* LaunchScreen.storyboard */,
			);
			path = Storyboards;
			sourceTree = "<group>";
		};
		BD6D73D224AA6EA500277BB2 /* ViewControllers */ = {
			isa = PBXGroup;
			children = (
				BD6D73CF24AA6E3E00277BB2 /* FolderChangeViewController.swift */,
				BD6D73D524AA819800277BB2 /* TaskTableViewController.swift */,
				BDE5648424A9AF24002BDF4B /* ViewController.swift */,
				BD6D73D724AA822700277BB2 /* TaskHandlingViewController.swift */,
			);
			path = ViewControllers;
			sourceTree = "<group>";
		};
		BD6D73D324AA6EBB00277BB2 /* HelperClasses */ = {
			isa = PBXGroup;
			children = (
				BD6D73CD24AA6DD800277BB2 /* singleTask.swift */,
			);
			path = HelperClasses;
			sourceTree = "<group>";
		};
		BD6D73D424AA6ED000277BB2 /* DataModel */ = {
			isa = PBXGroup;
			children = (
				BDE5648924A9AF24002BDF4B /* TaskData.xcdatamodeld */,
			);
			path = DataModel;
			sourceTree = "<group>";
		};
		BDA32BA824AAB57B0000D838 /* Extensions */ = {
			isa = PBXGroup;
			children = (
				BDA32BA924AAB5A20000D838 /* Extension+TableView.swift */,
			);
			path = Extensions;
			sourceTree = "<group>";
		};
		BDE5647424A9AF24002BDF4B = {
			isa = PBXGroup;
			children = (
				BDE5647F24A9AF24002BDF4B /* todo_Raghav_C0780996 */,
				BDE5647E24A9AF24002BDF4B /* Products */,
			);
			sourceTree = "<group>";
		};
		BDE5647E24A9AF24002BDF4B /* Products */ = {
			isa = PBXGroup;
			children = (
				BDE5647D24A9AF24002BDF4B /* todo_Raghav_C0780996.app */,
			);
			name = Products;
			sourceTree = "<group>";
		};
		BDE5647F24A9AF24002BDF4B /* todo_Raghav_C0780996 */ = {
			isa = PBXGroup;
			children = (
				BDA32BA824AAB57B0000D838 /* Extensions */,
				BDE5648024A9AF24002BDF4B /* AppDelegate.swift */,
				BDE5648224A9AF24002BDF4B /* SceneDelegate.swift */,
				BD6D73D124AA6E8500277BB2 /* Storyboards */,
				BD6D73D324AA6EBB00277BB2 /* HelperClasses */,
				BD6D73D224AA6EA500277BB2 /* ViewControllers */,
				BD6D73D424AA6ED000277BB2 /* DataModel */,
				BDE5648C24A9AF2D002BDF4B /* Assets.xcassets */,
				BDE5649124A9AF2D002BDF4B /* Info.plist */,
			);
			path = todo_Raghav_C0780996;
			sourceTree = "<group>";
		};
/* End PBXGroup section */

/* Begin PBXNativeTarget section */
		BDE5647C24A9AF24002BDF4B /* todo_Raghav_C0780996 */ = {
			isa = PBXNativeTarget;
			buildConfigurationList = BDE5649424A9AF2D002BDF4B /* Build configuration list for PBXNativeTarget "todo_Raghav_C0780996" */;
			buildPhases = (
				BDE5647924A9AF24002BDF4B /* Sources */,
				BDE5647A24A9AF24002BDF4B /* Frameworks */,
				BDE5647B24A9AF24002BDF4B /* Resources */,
			);
			buildRules = (
			);
			dependencies = (
			);
			name = todo_Raghav_C0780996;
			productName = todo_Raghav_C0780996;
			productReference = BDE5647D24A9AF24002BDF4B /* todo_Raghav_C0780996.app */;
			productType = "com.apple.product-type.application";
		};
/* End PBXNativeTarget section */

/* Begin PBXProject section */
		BDE5647524A9AF24002BDF4B /* Project object */ = {
			isa = PBXProject;
			attributes = {
				LastSwiftUpdateCheck = 1150;
				LastUpgradeCheck = 1150;
				ORGANIZATIONNAME = com.lambton;
				TargetAttributes = {
					BDE5647C24A9AF24002BDF4B = {
						CreatedOnToolsVersion = 11.5;
					};
				};
			};
			buildConfigurationList = BDE5647824A9AF24002BDF4B /* Build configuration list for PBXProject "todo_Raghav_C0780996" */;
			compatibilityVersion = "Xcode 9.3";
			developmentRegion = en;
			hasScannedForEncodings = 0;
			knownRegions = (
				en,
				Base,
			);
			mainGroup = BDE5647424A9AF24002BDF4B;
			productRefGroup = BDE5647E24A9AF24002BDF4B /* Products */;
			projectDirPath = "";
			projectRoot = "";
			targets = (
				BDE5647C24A9AF24002BDF4B /* todo_Raghav_C0780996 */,
			);
		};
/* End PBXProject section */

/* Begin PBXResourcesBuildPhase section */
		BDE5647B24A9AF24002BDF4B /* Resources */ = {
			isa = PBXResourcesBuildPhase;
			buildActionMask = 2147483647;
			files = (
				BDE5649024A9AF2D002BDF4B /* LaunchScreen.storyboard in Resources */,
				BDE5648D24A9AF2D002BDF4B /* Assets.xcassets in Resources */,
				BDE5648824A9AF24002BDF4B /* Main.storyboard in Resources */,
			);
			runOnlyForDeploymentPostprocessing = 0;
		};
/* End PBXResourcesBuildPhase section */

/* Begin PBXSourcesBuildPhase section */
		BDE5647924A9AF24002BDF4B /* Sources */ = {
			isa = PBXSourcesBuildPhase;
			buildActionMask = 2147483647;
			files = (
				BDA32BAA24AAB5A20000D838 /* Extension+TableView.swift in Sources */,
				BD6D73D824AA822700277BB2 /* TaskHandlingViewController.swift in Sources */,
				BD6D73D624AA819800277BB2 /* TaskTableViewController.swift in Sources */,
				BD6D73CE24AA6DD800277BB2 /* singleTask.swift in Sources */,
				BDE5648B24A9AF24002BDF4B /* TaskData.xcdatamodeld in Sources */,
				BDE5648524A9AF24002BDF4B /* ViewController.swift in Sources */,
				BDE5648124A9AF24002BDF4B /* AppDelegate.swift in Sources */,
				BDE5648324A9AF24002BDF4B /* SceneDelegate.swift in Sources */,
				BD6D73D024AA6E3E00277BB2 /* FolderChangeViewController.swift in Sources */,
			);
			runOnlyForDeploymentPostprocessing = 0;
		};
/* End PBXSourcesBuildPhase section */

/* Begin PBXVariantGroup section */
		BDE5648624A9AF24002BDF4B /* Main.storyboard */ = {
			isa = PBXVariantGroup;
			children = (
				BDE5648724A9AF24002BDF4B /* Base */,
			);
			name = Main.storyboard;
			sourceTree = "<group>";
		};
		BDE5648E24A9AF2D002BDF4B /* LaunchScreen.storyboard */ = {
			isa = PBXVariantGroup;
			children = (
				BDE5648F24A9AF2D002BDF4B /* Base */,
			);
			name = LaunchScreen.storyboard;
			sourceTree = "<group>";
		};
/* End PBXVariantGroup section */

/* Begin XCBuildConfiguration section */
		BDE5649224A9AF2D002BDF4B /* Debug */ = {
			isa = XCBuildConfiguration;
			buildSettings = {
				ALWAYS_SEARCH_USER_PATHS = NO;
				CLANG_ANALYZER_NONNULL = YES;
				CLANG_ANALYZER_NUMBER_OBJECT_CONVERSION = YES_AGGRESSIVE;
				CLANG_CXX_LANGUAGE_STANDARD = "gnu++14";
				CLANG_CXX_LIBRARY = "libc++";
				CLANG_ENABLE_MODULES = YES;
				CLANG_ENABLE_OBJC_ARC = YES;
				CLANG_ENABLE_OBJC_WEAK = YES;
				CLANG_WARN_BLOCK_CAPTURE_AUTORELEASING = YES;
				CLANG_WARN_BOOL_CONVERSION = YES;
				CLANG_WARN_COMMA = YES;
				CLANG_WARN_CONSTANT_CONVERSION = YES;
				CLANG_WARN_DEPRECATED_OBJC_IMPLEMENTATIONS = YES;
				CLANG_WARN_DIRECT_OBJC_ISA_USAGE = YES_ERROR;
				CLANG_WARN_DOCUMENTATION_COMMENTS = YES;
				CLANG_WARN_EMPTY_BODY = YES;
				CLANG_WARN_ENUM_CONVERSION = YES;
				CLANG_WARN_INFINITE_RECURSION = YES;
				CLANG_WARN_INT_CONVERSION = YES;
				CLANG_WARN_NON_LITERAL_NULL_CONVERSION = YES;
				CLANG_WARN_OBJC_IMPLICIT_RETAIN_SELF = YES;
				CLANG_WARN_OBJC_LITERAL_CONVERSION = YES;
				CLANG_WARN_OBJC_ROOT_CLASS = YES_ERROR;
				CLANG_WARN_RANGE_LOOP_ANALYSIS = YES;
				CLANG_WARN_STRICT_PROTOTYPES = YES;
				CLANG_WARN_SUSPICIOUS_MOVE = YES;
				CLANG_WARN_UNGUARDED_AVAILABILITY = YES_AGGRESSIVE;
				CLANG_WARN_UNREACHABLE_CODE = YES;
				CLANG_WARN__DUPLICATE_METHOD_MATCH = YES;
				COPY_PHASE_STRIP = NO;
				DEBUG_INFORMATION_FORMAT = dwarf;
				ENABLE_STRICT_OBJC_MSGSEND = YES;
				ENABLE_TESTABILITY = YES;
				GCC_C_LANGUAGE_STANDARD = gnu11;
				GCC_DYNAMIC_NO_PIC = NO;
				GCC_NO_COMMON_BLOCKS = YES;
				GCC_OPTIMIZATION_LEVEL = 0;
				GCC_PREPROCESSOR_DEFINITIONS = (
					"DEBUG=1",
					"$(inherited)",
				);
				GCC_WARN_64_TO_32_BIT_CONVERSION = YES;
				GCC_WARN_ABOUT_RETURN_TYPE = YES_ERROR;
				GCC_WARN_UNDECLARED_SELECTOR = YES;
				GCC_WARN_UNINITIALIZED_AUTOS = YES_AGGRESSIVE;
				GCC_WARN_UNUSED_FUNCTION = YES;
				GCC_WARN_UNUSED_VARIABLE = YES;
				IPHONEOS_DEPLOYMENT_TARGET = 13.5;
				MTL_ENABLE_DEBUG_INFO = INCLUDE_SOURCE;
				MTL_FAST_MATH = YES;
				ONLY_ACTIVE_ARCH = YES;
				SDKROOT = iphoneos;
				SWIFT_ACTIVE_COMPILATION_CONDITIONS = DEBUG;
				SWIFT_OPTIMIZATION_LEVEL = "-Onone";
			};
			name = Debug;
		};
		BDE5649324A9AF2D002BDF4B /* Release */ = {
			isa = XCBuildConfiguration;
			buildSettings = {
				ALWAYS_SEARCH_USER_PATHS = NO;
				CLANG_ANALYZER_NONNULL = YES;
				CLANG_ANALYZER_NUMBER_OBJECT_CONVERSION = YES_AGGRESSIVE;
				CLANG_CXX_LANGUAGE_STANDARD = "gnu++14";
				CLANG_CXX_LIBRARY = "libc++";
				CLANG_ENABLE_MODULES = YES;
				CLANG_ENABLE_OBJC_ARC = YES;
				CLANG_ENABLE_OBJC_WEAK = YES;
				CLANG_WARN_BLOCK_CAPTURE_AUTORELEASING = YES;
				CLANG_WARN_BOOL_CONVERSION = YES;
				CLANG_WARN_COMMA = YES;
				CLANG_WARN_CONSTANT_CONVERSION = YES;
				CLANG_WARN_DEPRECATED_OBJC_IMPLEMENTATIONS = YES;
				CLANG_WARN_DIRECT_OBJC_ISA_USAGE = YES_ERROR;
				CLANG_WARN_DOCUMENTATION_COMMENTS = YES;
				CLANG_WARN_EMPTY_BODY = YES;
				CLANG_WARN_ENUM_CONVERSION = YES;
				CLANG_WARN_INFINITE_RECURSION = YES;
				CLANG_WARN_INT_CONVERSION = YES;
				CLANG_WARN_NON_LITERAL_NULL_CONVERSION = YES;
				CLANG_WARN_OBJC_IMPLICIT_RETAIN_SELF = YES;
				CLANG_WARN_OBJC_LITERAL_CONVERSION = YES;
				CLANG_WARN_OBJC_ROOT_CLASS = YES_ERROR;
				CLANG_WARN_RANGE_LOOP_ANALYSIS = YES;
				CLANG_WARN_STRICT_PROTOTYPES = YES;
				CLANG_WARN_SUSPICIOUS_MOVE = YES;
				CLANG_WARN_UNGUARDED_AVAILABILITY = YES_AGGRESSIVE;
				CLANG_WARN_UNREACHABLE_CODE = YES;
				CLANG_WARN__DUPLICATE_METHOD_MATCH = YES;
				COPY_PHASE_STRIP = NO;
				DEBUG_INFORMATION_FORMAT = "dwarf-with-dsym";
				ENABLE_NS_ASSERTIONS = NO;
				ENABLE_STRICT_OBJC_MSGSEND = YES;
				GCC_C_LANGUAGE_STANDARD = gnu11;
				GCC_NO_COMMON_BLOCKS = YES;
				GCC_WARN_64_TO_32_BIT_CONVERSION = YES;
				GCC_WARN_ABOUT_RETURN_TYPE = YES_ERROR;
				GCC_WARN_UNDECLARED_SELECTOR = YES;
				GCC_WARN_UNINITIALIZED_AUTOS = YES_AGGRESSIVE;
				GCC_WARN_UNUSED_FUNCTION = YES;
				GCC_WARN_UNUSED_VARIABLE = YES;
				IPHONEOS_DEPLOYMENT_TARGET = 13.5;
				MTL_ENABLE_DEBUG_INFO = NO;
				MTL_FAST_MATH = YES;
				SDKROOT = iphoneos;
				SWIFT_COMPILATION_MODE = wholemodule;
				SWIFT_OPTIMIZATION_LEVEL = "-O";
				VALIDATE_PRODUCT = YES;
			};
			name = Release;
		};
		BDE5649524A9AF2D002BDF4B /* Debug */ = {
			isa = XCBuildConfiguration;
			buildSettings = {
				ASSETCATALOG_COMPILER_APPICON_NAME = AppIcon;
				CODE_SIGN_STYLE = Automatic;
				DEVELOPMENT_TEAM = 99SYV7BWD8;
				INFOPLIST_FILE = todo_Raghav_C0780996/Info.plist;
				LD_RUNPATH_SEARCH_PATHS = (
					"$(inherited)",
					"@executable_path/Frameworks",
				);
				PRODUCT_BUNDLE_IDENTIFIER = "RaghavBobal.todo-Raghav-C0780996";
				PRODUCT_NAME = "$(TARGET_NAME)";
				SWIFT_VERSION = 5.0;
				TARGETED_DEVICE_FAMILY = 1;
			};
			name = Debug;
		};
		BDE5649624A9AF2D002BDF4B /* Release */ = {
			isa = XCBuildConfiguration;
			buildSettings = {
				ASSETCATALOG_COMPILER_APPICON_NAME = AppIcon;
				CODE_SIGN_STYLE = Automatic;
				DEVELOPMENT_TEAM = 99SYV7BWD8;
				INFOPLIST_FILE = todo_Raghav_C0780996/Info.plist;
				LD_RUNPATH_SEARCH_PATHS = (
					"$(inherited)",
					"@executable_path/Frameworks",
				);
				PRODUCT_BUNDLE_IDENTIFIER = "RaghavBobal.todo-Raghav-C0780996";
				PRODUCT_NAME = "$(TARGET_NAME)";
				SWIFT_VERSION = 5.0;
				TARGETED_DEVICE_FAMILY = 1;
			};
			name = Release;
		};
/* End XCBuildConfiguration section */

/* Begin XCConfigurationList section */
		BDE5647824A9AF24002BDF4B /* Build configuration list for PBXProject "todo_Raghav_C0780996" */ = {
			isa = XCConfigurationList;
			buildConfigurations = (
				BDE5649224A9AF2D002BDF4B /* Debug */,
				BDE5649324A9AF2D002BDF4B /* Release */,
			);
			defaultConfigurationIsVisible = 0;
			defaultConfigurationName = Release;
		};
		BDE5649424A9AF2D002BDF4B /* Build configuration list for PBXNativeTarget "todo_Raghav_C0780996" */ = {
			isa = XCConfigurationList;
			buildConfigurations = (
				BDE5649524A9AF2D002BDF4B /* Debug */,
				BDE5649624A9AF2D002BDF4B /* Release */,
			);
			defaultConfigurationIsVisible = 0;
			defaultConfigurationName = Release;
		};
/* End XCConfigurationList section */

/* Begin XCVersionGroup section */
		BDE5648924A9AF24002BDF4B /* TaskData.xcdatamodeld */ = {
			isa = XCVersionGroup;
			children = (
				BDE5648A24A9AF24002BDF4B /* todo_Raghav_C0780996.xcdatamodel */,
			);
			currentVersion = BDE5648A24A9AF24002BDF4B /* todo_Raghav_C0780996.xcdatamodel */;
			path = TaskData.xcdatamodeld;
			sourceTree = "<group>";
			versionGroupType = wrapper.xcdatamodel;
		};
/* End XCVersionGroup section */
	};
	rootObject = BDE5647524A9AF24002BDF4B /* Project object */;
}
